{
  "lockfile_version": "1",
  "packages": {
    "github:NixOS/nixpkgs/nixpkgs-unstable": {
      "last_modified": "2025-11-07T02:32:13Z",
      "resolved": "github:NixOS/nixpkgs/e1ebeec86b771e9d387dd02d82ffdc77ac753abc?lastModified=1762482733&narHash=sha256-g%2Fda4FzvckvbiZT075Sb1%2FYDNDr%2BtGQgh4N8i5ceYMg%3D"
    }
  }
}
